// !$*UTF8*$!
{
	archiveVersion = 1;
	classes = {
	};
	objectVersion = 46;
	objects = {

/* Begin PBXBuildFile section */
		56199C7F1F609E8E00F75EBA /* AppDelegate.swift in Sources */ = {isa = PBXBuildFile; fileRef = 56199C7E1F609E8E00F75EBA /* AppDelegate.swift */; };
		56199C811F609E8E00F75EBA /* ListViewController.swift in Sources */ = {isa = PBXBuildFile; fileRef = 56199C801F609E8E00F75EBA /* ListViewController.swift */; };
		56199C841F609E8E00F75EBA /* Main.storyboard in Resources */ = {isa = PBXBuildFile; fileRef = 56199C821F609E8E00F75EBA /* Main.storyboard */; };
		56199C871F609E8E00F75EBA /* ImageListView.xcdatamodeld in Sources */ = {isa = PBXBuildFile; fileRef = 56199C851F609E8E00F75EBA /* ImageListView.xcdatamodeld */; };
		56199C891F609E8E00F75EBA /* Assets.xcassets in Resources */ = {isa = PBXBuildFile; fileRef = 56199C881F609E8E00F75EBA /* Assets.xcassets */; };
		56199C8C1F609E8E00F75EBA /* LaunchScreen.storyboard in Resources */ = {isa = PBXBuildFile; fileRef = 56199C8A1F609E8E00F75EBA /* LaunchScreen.storyboard */; };
		56F891701F61C4FE00AD9759 /* Recipes.swift in Sources */ = {isa = PBXBuildFile; fileRef = 56F8916F1F61C4FE00AD9759 /* Recipes.swift */; };
		56F891721F61DB1D00AD9759 /* CustomTableCell.swift in Sources */ = {isa = PBXBuildFile; fileRef = 56F891711F61DB1D00AD9759 /* CustomTableCell.swift */; };
		EE7B4ECCCBB08D0DCFC084D5 /* Pods_ImageListView.framework in Frameworks */ = {isa = PBXBuildFile; fileRef = A3952454E68918D39FFBB1C0 /* Pods_ImageListView.framework */; };
/* End PBXBuildFile section */

/* Begin PBXFileReference section */
		56199C7B1F609E8E00F75EBA /* ImageListView.app */ = {isa = PBXFileReference; explicitFileType = wrapper.application; includeInIndex = 0; path = ImageListView.app; sourceTree = BUILT_PRODUCTS_DIR; };
		56199C7E1F609E8E00F75EBA /* AppDelegate.swift */ = {isa = PBXFileReference; lastKnownFileType = sourcecode.swift; path = AppDelegate.swift; sourceTree = "<group>"; };
		56199C801F609E8E00F75EBA /* ListViewController.swift */ = {isa = PBXFileReference; lastKnownFileType = sourcecode.swift; path = ListViewController.swift; sourceTree = "<group>"; };
		56199C831F609E8E00F75EBA /* Base */ = {isa = PBXFileReference; lastKnownFileType = file.storyboard; name = Base; path = Base.lproj/Main.storyboard; sourceTree = "<group>"; };
		56199C861F609E8E00F75EBA /* ImageListView.xcdatamodel */ = {isa = PBXFileReference; lastKnownFileType = wrapper.xcdatamodel; path = ImageListView.xcdatamodel; sourceTree = "<group>"; };
		56199C881F609E8E00F75EBA /* Assets.xcassets */ = {isa = PBXFileReference; lastKnownFileType = folder.assetcatalog; path = Assets.xcassets; sourceTree = "<group>"; };
		56199C8B1F609E8E00F75EBA /* Base */ = {isa = PBXFileReference; lastKnownFileType = file.storyboard; name = Base; path = Base.lproj/LaunchScreen.storyboard; sourceTree = "<group>"; };
		56199C8D1F609E8E00F75EBA /* Info.plist */ = {isa = PBXFileReference; lastKnownFileType = text.plist.xml; path = Info.plist; sourceTree = "<group>"; };
		56F8916F1F61C4FE00AD9759 /* Recipes.swift */ = {isa = PBXFileReference; fileEncoding = 4; lastKnownFileType = sourcecode.swift; path = Recipes.swift; sourceTree = "<group>"; };
		56F891711F61DB1D00AD9759 /* CustomTableCell.swift */ = {isa = PBXFileReference; fileEncoding = 4; lastKnownFileType = sourcecode.swift; path = CustomTableCell.swift; sourceTree = "<group>"; };
		A3952454E68918D39FFBB1C0 /* Pods_ImageListView.framework */ = {isa = PBXFileReference; explicitFileType = wrapper.framework; includeInIndex = 0; path = Pods_ImageListView.framework; sourceTree = BUILT_PRODUCTS_DIR; };
		D42B4AB4244D824C2A211D78 /* Pods-ImageListView.debug.xcconfig */ = {isa = PBXFileReference; includeInIndex = 1; lastKnownFileType = text.xcconfig; name = "Pods-ImageListView.debug.xcconfig"; path = "Pods/Target Support Files/Pods-ImageListView/Pods-ImageListView.debug.xcconfig"; sourceTree = "<group>"; };
		DB684305FA8311D4DC7D2356 /* Pods-ImageListView.release.xcconfig */ = {isa = PBXFileReference; includeInIndex = 1; lastKnownFileType = text.xcconfig; name = "Pods-ImageListView.release.xcconfig"; path = "Pods/Target Support Files/Pods-ImageListView/Pods-ImageListView.release.xcconfig"; sourceTree = "<group>"; };
/* End PBXFileReference section */

/* Begin PBXFrameworksBuildPhase section */
		56199C781F609E8E00F75EBA /* Frameworks */ = {
			isa = PBXFrameworksBuildPhase;
			buildActionMask = 2147483647;
			files = (
				EE7B4ECCCBB08D0DCFC084D5 /* Pods_ImageListView.framework in Frameworks */,
			);
			runOnlyForDeploymentPostprocessing = 0;
		};
/* End PBXFrameworksBuildPhase section */

/* Begin PBXGroup section */
		56199C721F609E8E00F75EBA = {
			isa = PBXGroup;
			children = (
				56199C7D1F609E8E00F75EBA /* ImageListView */,
				56199C7C1F609E8E00F75EBA /* Products */,
				A7D96DB9F381D43A7E2248E3 /* Pods */,
				9890B5364B968E41AEF4BDB0 /* Frameworks */,
			);
			sourceTree = "<group>";
		};
		56199C7C1F609E8E00F75EBA /* Products */ = {
			isa = PBXGroup;
			children = (
				56199C7B1F609E8E00F75EBA /* ImageListView.app */,
			);
			name = Products;
			sourceTree = "<group>";
		};
		56199C7D1F609E8E00F75EBA /* ImageListView */ = {
			isa = PBXGroup;
			children = (
				56199C7E1F609E8E00F75EBA /* AppDelegate.swift */,
				56199C801F609E8E00F75EBA /* ListViewController.swift */,
				56199C821F609E8E00F75EBA /* Main.storyboard */,
				56199C881F609E8E00F75EBA /* Assets.xcassets */,
				56199C8A1F609E8E00F75EBA /* LaunchScreen.storyboard */,
				56199C8D1F609E8E00F75EBA /* Info.plist */,
				56199C851F609E8E00F75EBA /* ImageListView.xcdatamodeld */,
				56F8916F1F61C4FE00AD9759 /* Recipes.swift */,
				56F891711F61DB1D00AD9759 /* CustomTableCell.swift */,
			);
			path = ImageListView;
			sourceTree = "<group>";
		};
		9890B5364B968E41AEF4BDB0 /* Frameworks */ = {
			isa = PBXGroup;
			children = (
				A3952454E68918D39FFBB1C0 /* Pods_ImageListView.framework */,
			);
			name = Frameworks;
			sourceTree = "<group>";
		};
		A7D96DB9F381D43A7E2248E3 /* Pods */ = {
			isa = PBXGroup;
			children = (
				D42B4AB4244D824C2A211D78 /* Pods-ImageListView.debug.xcconfig */,
				DB684305FA8311D4DC7D2356 /* Pods-ImageListView.release.xcconfig */,
			);
			name = Pods;
			sourceTree = "<group>";
		};
/* End PBXGroup section */

/* Begin PBXNativeTarget section */
		56199C7A1F609E8E00F75EBA /* ImageListView */ = {
			isa = PBXNativeTarget;
			buildConfigurationList = 56199C901F609E8E00F75EBA /* Build configuration list for PBXNativeTarget "ImageListView" */;
			buildPhases = (
				07FD7DC9BC85B504DE529F44 /* [CP] Check Pods Manifest.lock */,
				56199C771F609E8E00F75EBA /* Sources */,
				56199C781F609E8E00F75EBA /* Frameworks */,
				56199C791F609E8E00F75EBA /* Resources */,
				BBE2DC14925FABF5EE02D0F1 /* [CP] Embed Pods Frameworks */,
				E9F1E03DB031399B642C74C2 /* [CP] Copy Pods Resources */,
			);
			buildRules = (
			);
			dependencies = (
			);
			name = ImageListView;
			productName = ImageListView;
			productReference = 56199C7B1F609E8E00F75EBA /* ImageListView.app */;
			productType = "com.apple.product-type.application";
		};
/* End PBXNativeTarget section */

/* Begin PBXProject section */
		56199C731F609E8E00F75EBA /* Project object */ = {
			isa = PBXProject;
			attributes = {
				LastSwiftUpdateCheck = 0830;
				LastUpgradeCheck = 0830;
				ORGANIZATIONNAME = "Shalu Scaria";
				TargetAttributes = {
					56199C7A1F609E8E00F75EBA = {
						CreatedOnToolsVersion = 8.3.2;
						ProvisioningStyle = Automatic;
					};
				};
			};
			buildConfigurationList = 56199C761F609E8E00F75EBA /* Build configuration list for PBXProject "ImageListView" */;
			compatibilityVersion = "Xcode 3.2";
			developmentRegion = English;
			hasScannedForEncodings = 0;
			knownRegions = (
				en,
				Base,
			);
			mainGroup = 56199C721F609E8E00F75EBA;
			productRefGroup = 56199C7C1F609E8E00F75EBA /* Products */;
			projectDirPath = "";
			projectRoot = "";
			targets = (
				56199C7A1F609E8E00F75EBA /* ImageListView */,
			);
		};
/* End PBXProject section */

/* Begin PBXResourcesBuildPhase section */
		56199C791F609E8E00F75EBA /* Resources */ = {
			isa = PBXResourcesBuildPhase;
			buildActionMask = 2147483647;
			files = (
				56199C8C1F609E8E00F75EBA /* LaunchScreen.storyboard in Resources */,
				56199C891F609E8E00F75EBA /* Assets.xcassets in Resources */,
				56199C841F609E8E00F75EBA /* Main.storyboard in Resources */,
			);
			runOnlyForDeploymentPostprocessing = 0;
		};
/* End PBXResourcesBuildPhase section */

/* Begin PBXShellScriptBuildPhase section */
		07FD7DC9BC85B504DE529F44 /* [CP] Check Pods Manifest.lock */ = {
			isa = PBXShellScriptBuildPhase;
			buildActionMask = 2147483647;
			files = (
			);
			inputPaths = (
				"${PODS_PODFILE_DIR_PATH}/Podfile.lock",
				"${PODS_ROOT}/Manifest.lock",
			);
			name = "[CP] Check Pods Manifest.lock";
			outputPaths = (
				"$(DERIVED_FILE_DIR)/Pods-ImageListView-checkManifestLockResult.txt",
			);
			runOnlyForDeploymentPostprocessing = 0;
			shellPath = /bin/sh;
			shellScript = "diff \"${PODS_PODFILE_DIR_PATH}/Podfile.lock\" \"${PODS_ROOT}/Manifest.lock\" > /dev/null\nif [ $? != 0 ] ; then\n    # print error to STDERR\n    echo \"error: The sandbox is not in sync with the Podfile.lock. Run 'pod install' or update your CocoaPods installation.\" >&2\n    exit 1\nfi\n# This output is used by Xcode 'outputs' to avoid re-running this script phase.\necho \"SUCCESS\" > \"${SCRIPT_OUTPUT_FILE_0}\"\n";
			showEnvVarsInLog = 0;
		};
		BBE2DC14925FABF5EE02D0F1 /* [CP] Embed Pods Frameworks */ = {
			isa = PBXShellScriptBuildPhase;
			buildActionMask = 2147483647;
			files = (
			);
			inputPaths = (
				"${SRCROOT}/Pods/Target Support Files/Pods-ImageListView/Pods-ImageListView-frameworks.sh",
				"${BUILT_PRODUCTS_DIR}/Alamofire/Alamofire.framework",
				"${BUILT_PRODUCTS_DIR}/SwiftyJSON/SwiftyJSON.framework",
			);
			name = "[CP] Embed Pods Frameworks";
			outputPaths = (
				"${TARGET_BUILD_DIR}/${FRAMEWORKS_FOLDER_PATH}/Alamofire.framework",
				"${TARGET_BUILD_DIR}/${FRAMEWORKS_FOLDER_PATH}/SwiftyJSON.framework",
			);
			runOnlyForDeploymentPostprocessing = 0;
			shellPath = /bin/sh;
			shellScript = "\"${SRCROOT}/Pods/Target Support Files/Pods-ImageListView/Pods-ImageListView-frameworks.sh\"\n";
			showEnvVarsInLog = 0;
		};
		E9F1E03DB031399B642C74C2 /* [CP] Copy Pods Resources */ = {
			isa = PBXShellScriptBuildPhase;
			buildActionMask = 2147483647;
			files = (
			);
			inputPaths = (
			);
			name = "[CP] Copy Pods Resources";
			outputPaths = (
			);
			runOnlyForDeploymentPostprocessing = 0;
			shellPath = /bin/sh;
			shellScript = "\"${SRCROOT}/Pods/Target Support Files/Pods-ImageListView/Pods-ImageListView-resources.sh\"\n";
			showEnvVarsInLog = 0;
		};
/* End PBXShellScriptBuildPhase section */

/* Begin PBXSourcesBuildPhase section */
		56199C771F609E8E00F75EBA /* Sources */ = {
			isa = PBXSourcesBuildPhase;
			buildActionMask = 2147483647;
			files = (
				56199C811F609E8E00F75EBA /* ListViewController.swift in Sources */,
				56F891721F61DB1D00AD9759 /* CustomTableCell.swift in Sources */,
				56199C7F1F609E8E00F75EBA /* AppDelegate.swift in Sources */,
				56199C871F609E8E00F75EBA /* ImageListView.xcdatamodeld in Sources */,
				56F891701F61C4FE00AD9759 /* Recipes.swift in Sources */,
			);
			runOnlyForDeploymentPostprocessing = 0;
		};
/* End PBXSourcesBuildPhase section */

/* Begin PBXVariantGroup section */
		56199C821F609E8E00F75EBA /* Main.storyboard */ = {
			isa = PBXVariantGroup;
			children = (
				56199C831F609E8E00F75EBA /* Base */,
			);
			name = Main.storyboard;
			sourceTree = "<group>";
		};
		56199C8A1F609E8E00F75EBA /* LaunchScreen.storyboard */ = {
			isa = PBXVariantGroup;
			children = (
				56199C8B1F609E8E00F75EBA /* Base */,
			);
			name = LaunchScreen.storyboard;
			sourceTree = "<group>";
		};
/* End PBXVariantGroup section */

/* Begin XCBuildConfiguration section */
		56199C8E1F609E8E00F75EBA /* Debug */ = {
			isa = XCBuildConfiguration;
			buildSettings = {
				ALWAYS_SEARCH_USER_PATHS = NO;
				CLANG_ANALYZER_NONNULL = YES;
				CLANG_ANALYZER_NUMBER_OBJECT_CONVERSION = YES_AGGRESSIVE;
				CLANG_CXX_LANGUAGE_STANDARD = "gnu++0x";
				CLANG_CXX_LIBRARY = "libc++";
				CLANG_ENABLE_MODULES = YES;
				CLANG_ENABLE_OBJC_ARC = YES;
				CLANG_WARN_BOOL_CONVERSION = YES;
				CLANG_WARN_CONSTANT_CONVERSION = YES;
				CLANG_WARN_DIRECT_OBJC_ISA_USAGE = YES_ERROR;
				CLANG_WARN_DOCUMENTATION_COMMENTS = YES;
				CLANG_WARN_EMPTY_BODY = YES;
				CLANG_WARN_ENUM_CONVERSION = YES;
				CLANG_WARN_INFINITE_RECURSION = YES;
				CLANG_WARN_INT_CONVERSION = YES;
				CLANG_WARN_OBJC_ROOT_CLASS = YES_ERROR;
				CLANG_WARN_SUSPICIOUS_MOVE = YES;
				CLANG_WARN_UNREACHABLE_CODE = YES;
				CLANG_WARN__DUPLICATE_METHOD_MATCH = YES;
				"CODE_SIGN_IDENTITY[sdk=iphoneos*]" = "iPhone Developer";
				COPY_PHASE_STRIP = NO;
				DEBUG_INFORMATION_FORMAT = dwarf;
				ENABLE_STRICT_OBJC_MSGSEND = YES;
				ENABLE_TESTABILITY = YES;
				GCC_C_LANGUAGE_STANDARD = gnu99;
				GCC_DYNAMIC_NO_PIC = NO;
				GCC_NO_COMMON_BLOCKS = YES;
				GCC_OPTIMIZATION_LEVEL = 0;
				GCC_PREPROCESSOR_DEFINITIONS = (
					"DEBUG=1",
					"$(inherited)",
				);
				GCC_WARN_64_TO_32_BIT_CONVERSION = YES;
				GCC_WARN_ABOUT_RETURN_TYPE = YES_ERROR;
				GCC_WARN_UNDECLARED_SELECTOR = YES;
				GCC_WARN_UNINITIALIZED_AUTOS = YES_AGGRESSIVE;
				GCC_WARN_UNUSED_FUNCTION = YES;
				GCC_WARN_UNUSED_VARIABLE = YES;
				IPHONEOS_DEPLOYMENT_TARGET = 10.3;
				MTL_ENABLE_DEBUG_INFO = YES;
				ONLY_ACTIVE_ARCH = YES;
				SDKROOT = iphoneos;
				SWIFT_ACTIVE_COMPILATION_CONDITIONS = DEBUG;
				SWIFT_OPTIMIZATION_LEVEL = "-Onone";
			};
			name = Debug;
		};
		56199C8F1F609E8E00F75EBA /* Release */ = {
			isa = XCBuildConfiguration;
			buildSettings = {
				ALWAYS_SEARCH_USER_PATHS = NO;
				CLANG_ANALYZER_NONNULL = YES;
				CLANG_ANALYZER_NUMBER_OBJECT_CONVERSION = YES_AGGRESSIVE;
				CLANG_CXX_LANGUAGE_STANDARD = "gnu++0x";
				CLANG_CXX_LIBRARY = "libc++";
				CLANG_ENABLE_MODULES = YES;
				CLANG_ENABLE_OBJC_ARC = YES;
				CLANG_WARN_BOOL_CONVERSION = YES;
				CLANG_WARN_CONSTANT_CONVERSION = YES;
				CLANG_WARN_DIRECT_OBJC_ISA_USAGE = YES_ERROR;
				CLANG_WARN_DOCUMENTATION_COMMENTS = YES;
				CLANG_WARN_EMPTY_BODY = YES;
				CLANG_WARN_ENUM_CONVERSION = YES;
				CLANG_WARN_INFINITE_RECURSION = YES;
				CLANG_WARN_INT_CONVERSION = YES;
				CLANG_WARN_OBJC_ROOT_CLASS = YES_ERROR;
				CLANG_WARN_SUSPICIOUS_MOVE = YES;
				CLANG_WARN_UNREACHABLE_CODE = YES;
				CLANG_WARN__DUPLICATE_METHOD_MATCH = YES;
				"CODE_SIGN_IDENTITY[sdk=iphoneos*]" = "iPhone Developer";
				COPY_PHASE_STRIP = NO;
				DEBUG_INFORMATION_FORMAT = "dwarf-with-dsym";
				ENABLE_NS_ASSERTIONS = NO;
				ENABLE_STRICT_OBJC_MSGSEND = YES;
				GCC_C_LANGUAGE_STANDARD = gnu99;
				GCC_NO_COMMON_BLOCKS = YES;
				GCC_WARN_64_TO_32_BIT_CONVERSION = YES;
				GCC_WARN_ABOUT_RETURN_TYPE = YES_ERROR;
				GCC_WARN_UNDECLARED_SELECTOR = YES;
				GCC_WARN_UNINITIALIZED_AUTOS = YES_AGGRESSIVE;
				GCC_WARN_UNUSED_FUNCTION = YES;
				GCC_WARN_UNUSED_VARIABLE = YES;
				IPHONEOS_DEPLOYMENT_TARGET = 10.3;
				MTL_ENABLE_DEBUG_INFO = NO;
				SDKROOT = iphoneos;
				SWIFT_OPTIMIZATION_LEVEL = "-Owholemodule";
				VALIDATE_PRODUCT = YES;
			};
			name = Release;
		};
		56199C911F609E8E00F75EBA /* Debug */ = {
			isa = XCBuildConfiguration;
			baseConfigurationReference = D42B4AB4244D824C2A211D78 /* Pods-ImageListView.debug.xcconfig */;
			buildSettings = {
				ASSETCATALOG_COMPILER_APPICON_NAME = AppIcon;
				INFOPLIST_FILE = ImageListView/Info.plist;
				LD_RUNPATH_SEARCH_PATHS = "$(inherited) @executable_path/Frameworks";
				PRODUCT_BUNDLE_IDENTIFIER = com.shalu.ImageListView;
				PRODUCT_NAME = "$(TARGET_NAME)";
				SWIFT_VERSION = 3.0;
			};
			name = Debug;
		};
		56199C921F609E8E00F75EBA /* Release */ = {
			isa = XCBuildConfiguration;
			baseConfigurationReference = DB684305FA8311D4DC7D2356 /* Pods-ImageListView.release.xcconfig */;
			buildSettings = {
				ASSETCATALOG_COMPILER_APPICON_NAME = AppIcon;
				INFOPLIST_FILE = ImageListView/Info.plist;
				LD_RUNPATH_SEARCH_PATHS = "$(inherited) @executable_path/Frameworks";
				PRODUCT_BUNDLE_IDENTIFIER = com.shalu.ImageListView;
				PRODUCT_NAME = "$(TARGET_NAME)";
				SWIFT_VERSION = 3.0;
			};
			name = Release;
		};
/* End XCBuildConfiguration section */

/* Begin XCConfigurationList section */
		56199C761F609E8E00F75EBA /* Build configuration list for PBXProject "ImageListView" */ = {
			isa = XCConfigurationList;
			buildConfigurations = (
				56199C8E1F609E8E00F75EBA /* Debug */,
				56199C8F1F609E8E00F75EBA /* Release */,
			);
			defaultConfigurationIsVisible = 0;
			defaultConfigurationName = Release;
		};
		56199C901F609E8E00F75EBA /* Build configuration list for PBXNativeTarget "ImageListView" */ = {
			isa = XCConfigurationList;
			buildConfigurations = (
				56199C911F609E8E00F75EBA /* Debug */,
				56199C921F609E8E00F75EBA /* Release */,
			);
			defaultConfigurationIsVisible = 0;
			defaultConfigurationName = Release;
		};
/* End XCConfigurationList section */

/* Begin XCVersionGroup section */
		56199C851F609E8E00F75EBA /* ImageListView.xcdatamodeld */ = {
			isa = XCVersionGroup;
			children = (
				56199C861F609E8E00F75EBA /* ImageListView.xcdatamodel */,
			);
			currentVersion = 56199C861F609E8E00F75EBA /* ImageListView.xcdatamodel */;
			path = ImageListView.xcdatamodeld;
			sourceTree = "<group>";
			versionGroupType = wrapper.xcdatamodel;
		};
/* End XCVersionGroup section */
	};
	rootObject = 56199C731F609E8E00F75EBA /* Project object */;
}
